
Microsoft Visual Studio Solution File, Format Version 11.00
# Visual Basic Express 2010
Project("{F184B08F-C81C-45F6-A57F-5ABD9991F28F}") = "M3D Tool", "3Dステレオグラム画像作成ツール\M3D Tool.vbproj", "{31A71F98-167B-4D74-8343-0F5B81C50281}"
EndProject
Global
	GlobalSection(SolutionConfigurationPlatforms) = preSolution
		Debug|x86 = Debug|x86
		Release|x86 = Release|x86
	EndGlobalSection
	GlobalSection(ProjectConfigurationPlatforms) = postSolution
		{31A71F98-167B-4D74-8343-0F5B81C50281}.Debug|x86.ActiveCfg = Debug|x86
		{31A71F98-167B-4D74-8343-0F5B81C50281}.Debug|x86.Build.0 = Debug|x86
		{31A71F98-167B-4D74-8343-0F5B81C50281}.Release|x86.ActiveCfg = Release|x86
		{31A71F98-167B-4D74-8343-0F5B81C50281}.Release|x86.Build.0 = Release|x86
	EndGlobalSection
	GlobalSection(SolutionProperties) = preSolution
		HideSolutionNode = FALSE
	EndGlobalSection
EndGlobal
